
Microsoft Visual Studio Solution File, Format Version 12.00
# Visual Studio Version 17
VisualStudioVersion = 17.7.34031.279
MinimumVisualStudioVersion = 10.0.40219.1
Project("{8BC9CEB8-8B4A-11D0-8D11-00A0C91BC942}") = "CannonWars", "CannonWars.vcxproj", "{DE4B0F70-7286-4B83-B934-5219A4C88D57}"
EndProject
Project("{8BC9CEB8-8B4A-11D0-8D11-00A0C91BC942}") = "CannonWarsServer", "..\CannonWarsServer\CannonWarsServer.vcxproj", "{DFE59E98-DCC2-4862-97B7-F988550CDAC0}"
EndProject
Project("{8BC9CEB8-8B4A-11D0-8D11-00A0C91BC942}") = "CannonWarsClient", "..\CannonWarsClient\CannonWarsClient.vcxproj", "{BFB47D03-0A12-4610-8E68-E2D042FC146D}"
EndProject
Global
	GlobalSection(SolutionConfigurationPlatforms) = preSolution
		Debug|x64 = Debug|x64
		Debug|x86 = Debug|x86
		Release|x64 = Release|x64
		Release|x86 = Release|x86
	EndGlobalSection
	GlobalSection(ProjectConfigurationPlatforms) = postSolution
		{DE4B0F70-7286-4B83-B934-5219A4C88D57}.Debug|x64.ActiveCfg = Debug|x64
		{DE4B0F70-7286-4B83-B934-5219A4C88D57}.Debug|x64.Build.0 = Debug|x64
		{DE4B0F70-7286-4B83-B934-5219A4C88D57}.Debug|x86.ActiveCfg = Debug|Win32
		{DE4B0F70-7286-4B83-B934-5219A4C88D57}.Debug|x86.Build.0 = Debug|Win32
		{DE4B0F70-7286-4B83-B934-5219A4C88D57}.Release|x64.ActiveCfg = Release|x64
		{DE4B0F70-7286-4B83-B934-5219A4C88D57}.Release|x64.Build.0 = Release|x64
		{DE4B0F70-7286-4B83-B934-5219A4C88D57}.Release|x86.ActiveCfg = Release|Win32
		{DE4B0F70-7286-4B83-B934-5219A4C88D57}.Release|x86.Build.0 = Release|Win32
		{DFE59E98-DCC2-4862-97B7-F988550CDAC0}.Debug|x64.ActiveCfg = Debug|x64
		{DFE59E98-DCC2-4862-97B7-F988550CDAC0}.Debug|x64.Build.0 = Debug|x64
		{DFE59E98-DCC2-4862-97B7-F988550CDAC0}.Debug|x86.ActiveCfg = Debug|Win32
		{DFE59E98-DCC2-4862-97B7-F988550CDAC0}.Debug|x86.Build.0 = Debug|Win32
		{DFE59E98-DCC2-4862-97B7-F988550CDAC0}.Release|x64.ActiveCfg = Release|x64
		{DFE59E98-DCC2-4862-97B7-F988550CDAC0}.Release|x64.Build.0 = Release|x64
		{DFE59E98-DCC2-4862-97B7-F988550CDAC0}.Release|x86.ActiveCfg = Release|Win32
		{DFE59E98-DCC2-4862-97B7-F988550CDAC0}.Release|x86.Build.0 = Release|Win32
		{BFB47D03-0A12-4610-8E68-E2D042FC146D}.Debug|x64.ActiveCfg = Debug|x64
		{BFB47D03-0A12-4610-8E68-E2D042FC146D}.Debug|x64.Build.0 = Debug|x64
		{BFB47D03-0A12-4610-8E68-E2D042FC146D}.Debug|x86.ActiveCfg = Debug|Win32
		{BFB47D03-0A12-4610-8E68-E2D042FC146D}.Debug|x86.Build.0 = Debug|Win32
		{BFB47D03-0A12-4610-8E68-E2D042FC146D}.Release|x64.ActiveCfg = Release|x64
		{BFB47D03-0A12-4610-8E68-E2D042FC146D}.Release|x64.Build.0 = Release|x64
		{BFB47D03-0A12-4610-8E68-E2D042FC146D}.Release|x86.ActiveCfg = Release|Win32
		{BFB47D03-0A12-4610-8E68-E2D042FC146D}.Release|x86.Build.0 = Release|Win32
	EndGlobalSection
	GlobalSection(SolutionProperties) = preSolution
		HideSolutionNode = FALSE
	EndGlobalSection
	GlobalSection(ExtensibilityGlobals) = postSolution
		SolutionGuid = {637E204E-78B5-4273-9630-65C37FA60E09}
	EndGlobalSection
EndGlobal
